
Microsoft Visual Studio Solution File, Format Version 12.00
# Visual Studio Version 17
VisualStudioVersion = 17.10.35122.118
MinimumVisualStudioVersion = 10.0.40219.1
Project("{8BC9CEB8-8B4A-11D0-8D11-00A0C91BC942}") = "Estágio Target - Pergunta 01", "Estágio Target\Estágio Target.vcxproj", "{247D6C77-8CD2-4165-80AF-5A10E62CDC4E}"
EndProject
Project("{8BC9CEB8-8B4A-11D0-8D11-00A0C91BC942}") = "Estágio Target - Pergunta 02", "Estágio Target - Pergunta 02\Estágio Target - Pergunta 02.vcxproj", "{0CD90568-02D8-4B49-BE04-2F6B4215ED54}"
EndProject
Global
	GlobalSection(SolutionConfigurationPlatforms) = preSolution
		Debug|x64 = Debug|x64
		Debug|x86 = Debug|x86
		Release|x64 = Release|x64
		Release|x86 = Release|x86
	EndGlobalSection
	GlobalSection(ProjectConfigurationPlatforms) = postSolution
		{247D6C77-8CD2-4165-80AF-5A10E62CDC4E}.Debug|x64.ActiveCfg = Debug|x64
		{247D6C77-8CD2-4165-80AF-5A10E62CDC4E}.Debug|x64.Build.0 = Debug|x64
		{247D6C77-8CD2-4165-80AF-5A10E62CDC4E}.Debug|x86.ActiveCfg = Debug|Win32
		{247D6C77-8CD2-4165-80AF-5A10E62CDC4E}.Debug|x86.Build.0 = Debug|Win32
		{247D6C77-8CD2-4165-80AF-5A10E62CDC4E}.Release|x64.ActiveCfg = Release|x64
		{247D6C77-8CD2-4165-80AF-5A10E62CDC4E}.Release|x64.Build.0 = Release|x64
		{247D6C77-8CD2-4165-80AF-5A10E62CDC4E}.Release|x86.ActiveCfg = Release|Win32
		{247D6C77-8CD2-4165-80AF-5A10E62CDC4E}.Release|x86.Build.0 = Release|Win32
		{0CD90568-02D8-4B49-BE04-2F6B4215ED54}.Debug|x64.ActiveCfg = Debug|x64
		{0CD90568-02D8-4B49-BE04-2F6B4215ED54}.Debug|x64.Build.0 = Debug|x64
		{0CD90568-02D8-4B49-BE04-2F6B4215ED54}.Debug|x86.ActiveCfg = Debug|Win32
		{0CD90568-02D8-4B49-BE04-2F6B4215ED54}.Debug|x86.Build.0 = Debug|Win32
		{0CD90568-02D8-4B49-BE04-2F6B4215ED54}.Release|x64.ActiveCfg = Release|x64
		{0CD90568-02D8-4B49-BE04-2F6B4215ED54}.Release|x64.Build.0 = Release|x64
		{0CD90568-02D8-4B49-BE04-2F6B4215ED54}.Release|x86.ActiveCfg = Release|Win32
		{0CD90568-02D8-4B49-BE04-2F6B4215ED54}.Release|x86.Build.0 = Release|Win32
	EndGlobalSection
	GlobalSection(SolutionProperties) = preSolution
		HideSolutionNode = FALSE
	EndGlobalSection
	GlobalSection(ExtensibilityGlobals) = postSolution
		SolutionGuid = {1ECDE8C2-B318-4906-BC40-39C54AD26FB8}
	EndGlobalSection
EndGlobal
